
Microsoft Visual Studio Solution File, Format Version 12.00
# Visual Studio Version 16
VisualStudioVersion = 16.0.29728.190
MinimumVisualStudioVersion = 10.0.40219.1
Project("{2150E333-8FDC-42A3-9474-1A3956D46DE8}") = "Client", "Client", "{B05D4110-3313-4C0A-A6CE-1CEA1E6EDFEA}"
EndProject
Project("{2150E333-8FDC-42A3-9474-1A3956D46DE8}") = "Core", "Core", "{6050B405-10F8-430C-9996-34F54D27EB32}"
EndProject
Project("{2150E333-8FDC-42A3-9474-1A3956D46DE8}") = "Infrastructure", "Infrastructure", "{FE31F5FE-A572-4F3B-B40F-7115C4597CFD}"
EndProject
Project("{2150E333-8FDC-42A3-9474-1A3956D46DE8}") = "Tests", "Tests", "{B0F1D5FB-A062-4642-AE36-C0F3E431AAC8}"
EndProject
Project("{9A19103F-16F7-4668-BE54-9A1E7A4F7556}") = "DeloitteProject.API", "DeloitteProject.API\DeloitteProject.API.csproj", "{CBA59A40-912A-41E1-ADDE-925CFE4E3615}"
EndProject
Project("{9A19103F-16F7-4668-BE54-9A1E7A4F7556}") = "DeloitteProject.DataAccess", "DeloitteProject.DataAccess\DeloitteProject.DataAccess.csproj", "{8959B47F-8027-4331-946D-842C43F94B34}"
EndProject
Project("{9A19103F-16F7-4668-BE54-9A1E7A4F7556}") = "DeloitteProject.Domain", "DeloitteProject.Domain\DeloitteProject.Domain.csproj", "{1C462371-751F-4ABD-BD71-687F0B2CB515}"
EndProject
Project("{9A19103F-16F7-4668-BE54-9A1E7A4F7556}") = "DeloitteProject.Services", "DeloitteProject.Services\DeloitteProject.Services.csproj", "{7016498F-DF9D-4821-A8AF-C1C8CE8566C7}"
EndProject
Project("{9A19103F-16F7-4668-BE54-9A1E7A4F7556}") = "DeliotteProject.UnitTests", "DeliotteProject.UnitTests\DeliotteProject.UnitTests.csproj", "{30939E1B-1FB6-49ED-A280-74729FB557AA}"
EndProject
Project("{FAE04EC0-301F-11D3-BF4B-00C04F79EFBC}") = "DeloitteProject.UI", "DeloitteProject.UI\DeloitteProject.UI.csproj", "{DF41785C-4117-46DD-B892-47DF9B158AB0}"
EndProject
Project("{2150E333-8FDC-42A3-9474-1A3956D46DE8}") = "Solution Items", "Solution Items", "{D95FC66B-7ED4-4C44-93D6-5520DD57BC24}"
	ProjectSection(SolutionItems) = preProject
		hotels.json = hotels.json
	EndProjectSection
EndProject
Global
	GlobalSection(SolutionConfigurationPlatforms) = preSolution
		Debug|Any CPU = Debug|Any CPU
		Release|Any CPU = Release|Any CPU
	EndGlobalSection
	GlobalSection(ProjectConfigurationPlatforms) = postSolution
		{CBA59A40-912A-41E1-ADDE-925CFE4E3615}.Debug|Any CPU.ActiveCfg = Debug|Any CPU
		{CBA59A40-912A-41E1-ADDE-925CFE4E3615}.Debug|Any CPU.Build.0 = Debug|Any CPU
		{CBA59A40-912A-41E1-ADDE-925CFE4E3615}.Release|Any CPU.ActiveCfg = Release|Any CPU
		{CBA59A40-912A-41E1-ADDE-925CFE4E3615}.Release|Any CPU.Build.0 = Release|Any CPU
		{8959B47F-8027-4331-946D-842C43F94B34}.Debug|Any CPU.ActiveCfg = Debug|Any CPU
		{8959B47F-8027-4331-946D-842C43F94B34}.Debug|Any CPU.Build.0 = Debug|Any CPU
		{8959B47F-8027-4331-946D-842C43F94B34}.Release|Any CPU.ActiveCfg = Release|Any CPU
		{8959B47F-8027-4331-946D-842C43F94B34}.Release|Any CPU.Build.0 = Release|Any CPU
		{1C462371-751F-4ABD-BD71-687F0B2CB515}.Debug|Any CPU.ActiveCfg = Debug|Any CPU
		{1C462371-751F-4ABD-BD71-687F0B2CB515}.Debug|Any CPU.Build.0 = Debug|Any CPU
		{1C462371-751F-4ABD-BD71-687F0B2CB515}.Release|Any CPU.ActiveCfg = Release|Any CPU
		{1C462371-751F-4ABD-BD71-687F0B2CB515}.Release|Any CPU.Build.0 = Release|Any CPU
		{7016498F-DF9D-4821-A8AF-C1C8CE8566C7}.Debug|Any CPU.ActiveCfg = Debug|Any CPU
		{7016498F-DF9D-4821-A8AF-C1C8CE8566C7}.Debug|Any CPU.Build.0 = Debug|Any CPU
		{7016498F-DF9D-4821-A8AF-C1C8CE8566C7}.Release|Any CPU.ActiveCfg = Release|Any CPU
		{7016498F-DF9D-4821-A8AF-C1C8CE8566C7}.Release|Any CPU.Build.0 = Release|Any CPU
		{30939E1B-1FB6-49ED-A280-74729FB557AA}.Debug|Any CPU.ActiveCfg = Debug|Any CPU
		{30939E1B-1FB6-49ED-A280-74729FB557AA}.Debug|Any CPU.Build.0 = Debug|Any CPU
		{30939E1B-1FB6-49ED-A280-74729FB557AA}.Release|Any CPU.ActiveCfg = Release|Any CPU
		{30939E1B-1FB6-49ED-A280-74729FB557AA}.Release|Any CPU.Build.0 = Release|Any CPU
		{DF41785C-4117-46DD-B892-47DF9B158AB0}.Debug|Any CPU.ActiveCfg = Debug|Any CPU
		{DF41785C-4117-46DD-B892-47DF9B158AB0}.Debug|Any CPU.Build.0 = Debug|Any CPU
		{DF41785C-4117-46DD-B892-47DF9B158AB0}.Release|Any CPU.ActiveCfg = Release|Any CPU
		{DF41785C-4117-46DD-B892-47DF9B158AB0}.Release|Any CPU.Build.0 = Release|Any CPU
	EndGlobalSection
	GlobalSection(SolutionProperties) = preSolution
		HideSolutionNode = FALSE
	EndGlobalSection
	GlobalSection(NestedProjects) = preSolution
		{CBA59A40-912A-41E1-ADDE-925CFE4E3615} = {B05D4110-3313-4C0A-A6CE-1CEA1E6EDFEA}
		{8959B47F-8027-4331-946D-842C43F94B34} = {FE31F5FE-A572-4F3B-B40F-7115C4597CFD}
		{1C462371-751F-4ABD-BD71-687F0B2CB515} = {6050B405-10F8-430C-9996-34F54D27EB32}
		{7016498F-DF9D-4821-A8AF-C1C8CE8566C7} = {6050B405-10F8-430C-9996-34F54D27EB32}
		{30939E1B-1FB6-49ED-A280-74729FB557AA} = {B0F1D5FB-A062-4642-AE36-C0F3E431AAC8}
		{DF41785C-4117-46DD-B892-47DF9B158AB0} = {B05D4110-3313-4C0A-A6CE-1CEA1E6EDFEA}
	EndGlobalSection
	GlobalSection(ExtensibilityGlobals) = postSolution
		SolutionGuid = {0ABDB653-C3AC-4AFE-A856-CA6C277013EC}
	EndGlobalSection
EndGlobal
