
Microsoft Visual Studio Solution File, Format Version 12.00
# Visual Studio Version 17
VisualStudioVersion = 17.0.32126.317
MinimumVisualStudioVersion = 10.0.40219.1
Project("{2150E333-8FDC-42A3-9474-1A3956D46DE8}") = "Client", "Client", "{0CE5E8A9-6DD7-49DA-80D6-002F55C83F4C}"
EndProject
Project("{2150E333-8FDC-42A3-9474-1A3956D46DE8}") = "Src", "Src", "{4DBCAADC-E167-46C8-977A-632290F0091E}"
EndProject
Project("{2150E333-8FDC-42A3-9474-1A3956D46DE8}") = "Core", "Core", "{F6B1BEE6-E58B-4EA7-8528-10C4BA108DD2}"
EndProject
Project("{2150E333-8FDC-42A3-9474-1A3956D46DE8}") = "Tests", "Tests", "{A165C9E0-54EF-4AAB-97B8-BAB63B30092D}"
EndProject
Project("{9A19103F-16F7-4668-BE54-9A1E7A4F7556}") = "DeloitteProject.API", "DeloitteProject.API\DeloitteProject.API.csproj", "{22E34557-F163-458F-901C-827F68B06DC6}"
EndProject
Project("{2150E333-8FDC-42A3-9474-1A3956D46DE8}") = "Infrastructure", "Infrastructure", "{225EC28B-EA2A-40BE-BCF3-ADF96A8E1FBB}"
EndProject
Project("{9A19103F-16F7-4668-BE54-9A1E7A4F7556}") = "DeloitteProject.Domain", "DeloitteProject.Domain\DeloitteProject.Domain.csproj", "{5A4A5D24-9F64-45C6-98A4-C6352E3DA38B}"
EndProject
Project("{9A19103F-16F7-4668-BE54-9A1E7A4F7556}") = "DeloitteProject.DataAccess", "DeloitteProject.DataAccess\DeloitteProject.DataAccess.csproj", "{178717C6-F68D-4530-94D4-ACC6AF7FCF05}"
EndProject
Project("{9A19103F-16F7-4668-BE54-9A1E7A4F7556}") = "DeloitteProject.Services", "DeloitteProject.Services\DeloitteProject.Services.csproj", "{B5EE05CB-7251-43A1-BE5B-6EA76D7D01C0}"
EndProject
Project("{9A19103F-16F7-4668-BE54-9A1E7A4F7556}") = "DeloitteProject.UI", "DeloitteProject.UI\DeloitteProject.UI.csproj", "{9EF97901-E0E3-4078-AE5C-560A1614E523}"
EndProject
Project("{9A19103F-16F7-4668-BE54-9A1E7A4F7556}") = "DeloitteProject.UI.TS", "DeloitteProject.UI.TS\DeloitteProject.UI.TS.csproj", "{37603C27-4D41-41BB-A77A-A4C40E07A6DA}"
EndProject
Project("{9A19103F-16F7-4668-BE54-9A1E7A4F7556}") = "DeloitteProject.UI.MVC", "DeloitteProject.UI.MVC\DeloitteProject.UI.MVC.csproj", "{36E0376D-002C-4361-B387-465AA9FA15A7}"
EndProject
Project("{9A19103F-16F7-4668-BE54-9A1E7A4F7556}") = "DeliotteProject.UnitTests", "DeliotteProject.UnitTest\DeliotteProject.UnitTests.csproj", "{1CE694E4-C368-4BBE-AAF9-CE6EB8CCD0A1}"
EndProject
Global
	GlobalSection(SolutionConfigurationPlatforms) = preSolution
		Debug|Any CPU = Debug|Any CPU
		Release|Any CPU = Release|Any CPU
	EndGlobalSection
	GlobalSection(ProjectConfigurationPlatforms) = postSolution
		{22E34557-F163-458F-901C-827F68B06DC6}.Debug|Any CPU.ActiveCfg = Debug|Any CPU
		{22E34557-F163-458F-901C-827F68B06DC6}.Debug|Any CPU.Build.0 = Debug|Any CPU
		{22E34557-F163-458F-901C-827F68B06DC6}.Release|Any CPU.ActiveCfg = Release|Any CPU
		{22E34557-F163-458F-901C-827F68B06DC6}.Release|Any CPU.Build.0 = Release|Any CPU
		{5A4A5D24-9F64-45C6-98A4-C6352E3DA38B}.Debug|Any CPU.ActiveCfg = Debug|Any CPU
		{5A4A5D24-9F64-45C6-98A4-C6352E3DA38B}.Debug|Any CPU.Build.0 = Debug|Any CPU
		{5A4A5D24-9F64-45C6-98A4-C6352E3DA38B}.Release|Any CPU.ActiveCfg = Release|Any CPU
		{5A4A5D24-9F64-45C6-98A4-C6352E3DA38B}.Release|Any CPU.Build.0 = Release|Any CPU
		{178717C6-F68D-4530-94D4-ACC6AF7FCF05}.Debug|Any CPU.ActiveCfg = Debug|Any CPU
		{178717C6-F68D-4530-94D4-ACC6AF7FCF05}.Debug|Any CPU.Build.0 = Debug|Any CPU
		{178717C6-F68D-4530-94D4-ACC6AF7FCF05}.Release|Any CPU.ActiveCfg = Release|Any CPU
		{178717C6-F68D-4530-94D4-ACC6AF7FCF05}.Release|Any CPU.Build.0 = Release|Any CPU
		{B5EE05CB-7251-43A1-BE5B-6EA76D7D01C0}.Debug|Any CPU.ActiveCfg = Debug|Any CPU
		{B5EE05CB-7251-43A1-BE5B-6EA76D7D01C0}.Debug|Any CPU.Build.0 = Debug|Any CPU
		{B5EE05CB-7251-43A1-BE5B-6EA76D7D01C0}.Release|Any CPU.ActiveCfg = Release|Any CPU
		{B5EE05CB-7251-43A1-BE5B-6EA76D7D01C0}.Release|Any CPU.Build.0 = Release|Any CPU
		{9EF97901-E0E3-4078-AE5C-560A1614E523}.Debug|Any CPU.ActiveCfg = Debug|Any CPU
		{9EF97901-E0E3-4078-AE5C-560A1614E523}.Debug|Any CPU.Build.0 = Debug|Any CPU
		{9EF97901-E0E3-4078-AE5C-560A1614E523}.Release|Any CPU.ActiveCfg = Release|Any CPU
		{9EF97901-E0E3-4078-AE5C-560A1614E523}.Release|Any CPU.Build.0 = Release|Any CPU
		{37603C27-4D41-41BB-A77A-A4C40E07A6DA}.Debug|Any CPU.ActiveCfg = Debug|Any CPU
		{37603C27-4D41-41BB-A77A-A4C40E07A6DA}.Debug|Any CPU.Build.0 = Debug|Any CPU
		{37603C27-4D41-41BB-A77A-A4C40E07A6DA}.Release|Any CPU.ActiveCfg = Release|Any CPU
		{37603C27-4D41-41BB-A77A-A4C40E07A6DA}.Release|Any CPU.Build.0 = Release|Any CPU
		{36E0376D-002C-4361-B387-465AA9FA15A7}.Debug|Any CPU.ActiveCfg = Debug|Any CPU
		{36E0376D-002C-4361-B387-465AA9FA15A7}.Debug|Any CPU.Build.0 = Debug|Any CPU
		{36E0376D-002C-4361-B387-465AA9FA15A7}.Release|Any CPU.ActiveCfg = Release|Any CPU
		{36E0376D-002C-4361-B387-465AA9FA15A7}.Release|Any CPU.Build.0 = Release|Any CPU
		{1CE694E4-C368-4BBE-AAF9-CE6EB8CCD0A1}.Debug|Any CPU.ActiveCfg = Debug|Any CPU
		{1CE694E4-C368-4BBE-AAF9-CE6EB8CCD0A1}.Debug|Any CPU.Build.0 = Debug|Any CPU
		{1CE694E4-C368-4BBE-AAF9-CE6EB8CCD0A1}.Release|Any CPU.ActiveCfg = Release|Any CPU
		{1CE694E4-C368-4BBE-AAF9-CE6EB8CCD0A1}.Release|Any CPU.Build.0 = Release|Any CPU
	EndGlobalSection
	GlobalSection(SolutionProperties) = preSolution
		HideSolutionNode = FALSE
	EndGlobalSection
	GlobalSection(NestedProjects) = preSolution
		{0CE5E8A9-6DD7-49DA-80D6-002F55C83F4C} = {4DBCAADC-E167-46C8-977A-632290F0091E}
		{F6B1BEE6-E58B-4EA7-8528-10C4BA108DD2} = {4DBCAADC-E167-46C8-977A-632290F0091E}
		{22E34557-F163-458F-901C-827F68B06DC6} = {0CE5E8A9-6DD7-49DA-80D6-002F55C83F4C}
		{225EC28B-EA2A-40BE-BCF3-ADF96A8E1FBB} = {4DBCAADC-E167-46C8-977A-632290F0091E}
		{5A4A5D24-9F64-45C6-98A4-C6352E3DA38B} = {F6B1BEE6-E58B-4EA7-8528-10C4BA108DD2}
		{178717C6-F68D-4530-94D4-ACC6AF7FCF05} = {225EC28B-EA2A-40BE-BCF3-ADF96A8E1FBB}
		{B5EE05CB-7251-43A1-BE5B-6EA76D7D01C0} = {F6B1BEE6-E58B-4EA7-8528-10C4BA108DD2}
		{9EF97901-E0E3-4078-AE5C-560A1614E523} = {0CE5E8A9-6DD7-49DA-80D6-002F55C83F4C}
		{37603C27-4D41-41BB-A77A-A4C40E07A6DA} = {0CE5E8A9-6DD7-49DA-80D6-002F55C83F4C}
		{36E0376D-002C-4361-B387-465AA9FA15A7} = {0CE5E8A9-6DD7-49DA-80D6-002F55C83F4C}
		{1CE694E4-C368-4BBE-AAF9-CE6EB8CCD0A1} = {A165C9E0-54EF-4AAB-97B8-BAB63B30092D}
	EndGlobalSection
	GlobalSection(ExtensibilityGlobals) = postSolution
		SolutionGuid = {7320F617-FDD8-4BC7-AAFB-6E928740A5B1}
	EndGlobalSection
EndGlobal
